{
    "_meta": {
        "hash": {
            "sha256": "f09d153a320a48db89d9954cc645bd826703145b9d7646278394fc88bc539b78"
        },
        "host-environment-markers": {
            "implementation_name": "cpython",
            "implementation_version": "3.6.2",
            "os_name": "posix",
            "platform_machine": "x86_64",
            "platform_python_implementation": "CPython",
            "platform_release": "17.3.0",
            "platform_system": "Darwin",
            "platform_version": "Darwin Kernel Version 17.3.0: Thu Nov  9 18:09:22 PST 2017; root:xnu-4570.31.3~1/RELEASE_X86_64",
            "python_full_version": "3.6.2",
            "python_version": "3.6",
            "sys_platform": "darwin"
        },
        "pipfile-spec": 6,
        "requires": {
            "python_version": "3.6"
        },
        "sources": [
            {
                "name": "pypi",
                "url": "https://pypi.python.org/simple",
                "verify_ssl": true
            }
        ]
    },
    "default": {
        "contextlib2": {
            "hashes": [
                "sha256:f5260a6e679d2ff42ec91ec5252f4eeffdcf21053db9113bd0a8e4d953769c00",
                "sha256:509f9419ee91cdd00ba34443217d5ca51f5a364a404e1dce9e8979cea969ca48"
            ],
            "markers": "python_version < '3.2'",
            "version": "==0.5.5"
        },
        "raven": {
            "hashes": [
                "sha256:0adae40e004dfe2181d1f2883aa3d4ca1cf16dbe449ae4b445b011c6eb220a90",
                "sha256:84da75114739191bdf2388f296ffd6177e83567a7fbaf2701e034ad6026e4f3b"
            ],
            "version": "==6.5.0"
        }
    },
    "develop": {}
}
